
Microsoft Visual Studio Solution File, Format Version 12.00
# Visual Studio 2012
Project("{FAE04EC0-301F-11D3-BF4B-00C04F79EFBC}") = "spidey", "spidey\spidey.csproj", "{9AFCB191-B44E-4AB5-A780-B63B0FD6960A}"
EndProject
Project("{FAE04EC0-301F-11D3-BF4B-00C04F79EFBC}") = "spidey.tests", "spidey.tests\spidey.tests.csproj", "{67E66B60-A701-4F74-8BB5-BB34243E268F}"
EndProject
Global
	GlobalSection(SolutionConfigurationPlatforms) = preSolution
		Debug|Any CPU = Debug|Any CPU
		Release|Any CPU = Release|Any CPU
	EndGlobalSection
	GlobalSection(ProjectConfigurationPlatforms) = postSolution
		{9AFCB191-B44E-4AB5-A780-B63B0FD6960A}.Debug|Any CPU.ActiveCfg = Debug|Any CPU
		{9AFCB191-B44E-4AB5-A780-B63B0FD6960A}.Debug|Any CPU.Build.0 = Debug|Any CPU
		{9AFCB191-B44E-4AB5-A780-B63B0FD6960A}.Release|Any CPU.ActiveCfg = Release|Any CPU
		{9AFCB191-B44E-4AB5-A780-B63B0FD6960A}.Release|Any CPU.Build.0 = Release|Any CPU
		{67E66B60-A701-4F74-8BB5-BB34243E268F}.Debug|Any CPU.ActiveCfg = Debug|Any CPU
		{67E66B60-A701-4F74-8BB5-BB34243E268F}.Debug|Any CPU.Build.0 = Debug|Any CPU
		{67E66B60-A701-4F74-8BB5-BB34243E268F}.Release|Any CPU.ActiveCfg = Release|Any CPU
		{67E66B60-A701-4F74-8BB5-BB34243E268F}.Release|Any CPU.Build.0 = Release|Any CPU
	EndGlobalSection
EndGlobal
